{
  "name": "3D FPS Test",
  "lockfileVersion": 2,
  "requires": true,
  "packages": {
    "": {
      "dependencies": {
        "keyboardjs": "^2.7.0"
      }
    },
    "node_modules/keyboardjs": {
      "version": "2.7.0",
      "resolved": "https://registry.npmjs.org/keyboardjs/-/keyboardjs-2.7.0.tgz",
      "integrity": "sha512-3tiQuAoLM1M5Xyo/eQVaqsq9joByTRkB0Byga+0S7BYJvY4HIlfW0SofOj4a20YSAFjv0SIFU/lw+Qjp6KYHPA=="
    }
  },
  "dependencies": {
    "keyboardjs": {
      "version": "2.7.0",
      "resolved": "https://registry.npmjs.org/keyboardjs/-/keyboardjs-2.7.0.tgz",
      "integrity": "sha512-3tiQuAoLM1M5Xyo/eQVaqsq9joByTRkB0Byga+0S7BYJvY4HIlfW0SofOj4a20YSAFjv0SIFU/lw+Qjp6KYHPA=="
    }
  }
}
